
Microsoft Visual Studio Solution File, Format Version 12.00
# Visual Studio 15
VisualStudioVersion = 15.0.26124.0
MinimumVisualStudioVersion = 15.0.26124.0
Project("{2150E333-8FDC-42A3-9474-1A3956D46DE8}") = "src", "src", "{73DCA48C-E315-481D-A504-10132BB7CD9F}"
EndProject
Project("{9A19103F-16F7-4668-BE54-9A1E7A4F7556}") = "Calcver", "src\Calcver\Calcver.csproj", "{9021DB75-E9E6-446E-B5B6-FE08D2C5EA01}"
EndProject
Project("{9A19103F-16F7-4668-BE54-9A1E7A4F7556}") = "Calcver.Git", "src\Calcver.Git\Calcver.Git.csproj", "{56D1CAF8-9B8F-4076-B3CF-812C4655C58C}"
EndProject
Project("{2150E333-8FDC-42A3-9474-1A3956D46DE8}") = "tests", "tests", "{52EB6269-585A-45F8-8F17-AB86E1D94F4C}"
EndProject
Project("{9A19103F-16F7-4668-BE54-9A1E7A4F7556}") = "Calcver.Tests", "tests\Calcver.Tests\Calcver.Tests.csproj", "{F52BE2DD-5D46-46E8-8D4E-833184F9D099}"
EndProject
Project("{2150E333-8FDC-42A3-9474-1A3956D46DE8}") = "examples", "examples", "{19FC92EF-9BE9-4A5D-8BB1-E474F564B5A4}"
EndProject
Project("{9A19103F-16F7-4668-BE54-9A1E7A4F7556}") = "console", "examples\console\console.csproj", "{903A31A5-AB89-4EA3-94E9-C0EB7E83F8C6}"
EndProject
Project("{9A19103F-16F7-4668-BE54-9A1E7A4F7556}") = "Calcver.Git.MsBuild", "src\Calcver.Git.MsBuild\Calcver.Git.MsBuild.csproj", "{F6ED1E25-78F4-4B66-9533-2D67F4A30CC3}"
EndProject
Project("{9A19103F-16F7-4668-BE54-9A1E7A4F7556}") = "Calcver.Git.Cli", "src\Calcver.Git.Cli\Calcver.Git.Cli.csproj", "{E7F4A7EA-4447-4AD3-9980-DA6F1E0A5FDF}"
EndProject
Project("{2150E333-8FDC-42A3-9474-1A3956D46DE8}") = "config", "config", "{53352E8D-C7A7-4038-96F0-2860C6522D94}"
	ProjectSection(SolutionItems) = preProject
		.editorconfig = .editorconfig
	EndProjectSection
EndProject
Project("{9A19103F-16F7-4668-BE54-9A1E7A4F7556}") = "Calcver.Git.Tests", "tests\Calcver.Git.Tests\Calcver.Git.Tests.csproj", "{8BB82023-8F9B-4E97-9184-9035DEB03E65}"
EndProject
Global
	GlobalSection(SolutionConfigurationPlatforms) = preSolution
		Debug|Any CPU = Debug|Any CPU
		Debug|x64 = Debug|x64
		Debug|x86 = Debug|x86
		Release|Any CPU = Release|Any CPU
		Release|x64 = Release|x64
		Release|x86 = Release|x86
	EndGlobalSection
	GlobalSection(ProjectConfigurationPlatforms) = postSolution
		{9021DB75-E9E6-446E-B5B6-FE08D2C5EA01}.Debug|Any CPU.ActiveCfg = Debug|Any CPU
		{9021DB75-E9E6-446E-B5B6-FE08D2C5EA01}.Debug|Any CPU.Build.0 = Debug|Any CPU
		{9021DB75-E9E6-446E-B5B6-FE08D2C5EA01}.Debug|x64.ActiveCfg = Debug|Any CPU
		{9021DB75-E9E6-446E-B5B6-FE08D2C5EA01}.Debug|x64.Build.0 = Debug|Any CPU
		{9021DB75-E9E6-446E-B5B6-FE08D2C5EA01}.Debug|x86.ActiveCfg = Debug|Any CPU
		{9021DB75-E9E6-446E-B5B6-FE08D2C5EA01}.Debug|x86.Build.0 = Debug|Any CPU
		{9021DB75-E9E6-446E-B5B6-FE08D2C5EA01}.Release|Any CPU.ActiveCfg = Release|Any CPU
		{9021DB75-E9E6-446E-B5B6-FE08D2C5EA01}.Release|Any CPU.Build.0 = Release|Any CPU
		{9021DB75-E9E6-446E-B5B6-FE08D2C5EA01}.Release|x64.ActiveCfg = Release|Any CPU
		{9021DB75-E9E6-446E-B5B6-FE08D2C5EA01}.Release|x64.Build.0 = Release|Any CPU
		{9021DB75-E9E6-446E-B5B6-FE08D2C5EA01}.Release|x86.ActiveCfg = Release|Any CPU
		{9021DB75-E9E6-446E-B5B6-FE08D2C5EA01}.Release|x86.Build.0 = Release|Any CPU
		{56D1CAF8-9B8F-4076-B3CF-812C4655C58C}.Debug|Any CPU.ActiveCfg = Debug|Any CPU
		{56D1CAF8-9B8F-4076-B3CF-812C4655C58C}.Debug|Any CPU.Build.0 = Debug|Any CPU
		{56D1CAF8-9B8F-4076-B3CF-812C4655C58C}.Debug|x64.ActiveCfg = Debug|Any CPU
		{56D1CAF8-9B8F-4076-B3CF-812C4655C58C}.Debug|x64.Build.0 = Debug|Any CPU
		{56D1CAF8-9B8F-4076-B3CF-812C4655C58C}.Debug|x86.ActiveCfg = Debug|Any CPU
		{56D1CAF8-9B8F-4076-B3CF-812C4655C58C}.Debug|x86.Build.0 = Debug|Any CPU
		{56D1CAF8-9B8F-4076-B3CF-812C4655C58C}.Release|Any CPU.ActiveCfg = Release|Any CPU
		{56D1CAF8-9B8F-4076-B3CF-812C4655C58C}.Release|Any CPU.Build.0 = Release|Any CPU
		{56D1CAF8-9B8F-4076-B3CF-812C4655C58C}.Release|x64.ActiveCfg = Release|Any CPU
		{56D1CAF8-9B8F-4076-B3CF-812C4655C58C}.Release|x64.Build.0 = Release|Any CPU
		{56D1CAF8-9B8F-4076-B3CF-812C4655C58C}.Release|x86.ActiveCfg = Release|Any CPU
		{56D1CAF8-9B8F-4076-B3CF-812C4655C58C}.Release|x86.Build.0 = Release|Any CPU
		{F52BE2DD-5D46-46E8-8D4E-833184F9D099}.Debug|Any CPU.ActiveCfg = Debug|Any CPU
		{F52BE2DD-5D46-46E8-8D4E-833184F9D099}.Debug|Any CPU.Build.0 = Debug|Any CPU
		{F52BE2DD-5D46-46E8-8D4E-833184F9D099}.Debug|x64.ActiveCfg = Debug|Any CPU
		{F52BE2DD-5D46-46E8-8D4E-833184F9D099}.Debug|x64.Build.0 = Debug|Any CPU
		{F52BE2DD-5D46-46E8-8D4E-833184F9D099}.Debug|x86.ActiveCfg = Debug|Any CPU
		{F52BE2DD-5D46-46E8-8D4E-833184F9D099}.Debug|x86.Build.0 = Debug|Any CPU
		{F52BE2DD-5D46-46E8-8D4E-833184F9D099}.Release|Any CPU.ActiveCfg = Release|Any CPU
		{F52BE2DD-5D46-46E8-8D4E-833184F9D099}.Release|Any CPU.Build.0 = Release|Any CPU
		{F52BE2DD-5D46-46E8-8D4E-833184F9D099}.Release|x64.ActiveCfg = Release|Any CPU
		{F52BE2DD-5D46-46E8-8D4E-833184F9D099}.Release|x64.Build.0 = Release|Any CPU
		{F52BE2DD-5D46-46E8-8D4E-833184F9D099}.Release|x86.ActiveCfg = Release|Any CPU
		{F52BE2DD-5D46-46E8-8D4E-833184F9D099}.Release|x86.Build.0 = Release|Any CPU
		{903A31A5-AB89-4EA3-94E9-C0EB7E83F8C6}.Debug|Any CPU.ActiveCfg = Debug|Any CPU
		{903A31A5-AB89-4EA3-94E9-C0EB7E83F8C6}.Debug|Any CPU.Build.0 = Debug|Any CPU
		{903A31A5-AB89-4EA3-94E9-C0EB7E83F8C6}.Debug|x64.ActiveCfg = Debug|Any CPU
		{903A31A5-AB89-4EA3-94E9-C0EB7E83F8C6}.Debug|x64.Build.0 = Debug|Any CPU
		{903A31A5-AB89-4EA3-94E9-C0EB7E83F8C6}.Debug|x86.ActiveCfg = Debug|Any CPU
		{903A31A5-AB89-4EA3-94E9-C0EB7E83F8C6}.Debug|x86.Build.0 = Debug|Any CPU
		{903A31A5-AB89-4EA3-94E9-C0EB7E83F8C6}.Release|Any CPU.ActiveCfg = Release|Any CPU
		{903A31A5-AB89-4EA3-94E9-C0EB7E83F8C6}.Release|Any CPU.Build.0 = Release|Any CPU
		{903A31A5-AB89-4EA3-94E9-C0EB7E83F8C6}.Release|x64.ActiveCfg = Release|Any CPU
		{903A31A5-AB89-4EA3-94E9-C0EB7E83F8C6}.Release|x64.Build.0 = Release|Any CPU
		{903A31A5-AB89-4EA3-94E9-C0EB7E83F8C6}.Release|x86.ActiveCfg = Release|Any CPU
		{903A31A5-AB89-4EA3-94E9-C0EB7E83F8C6}.Release|x86.Build.0 = Release|Any CPU
		{F6ED1E25-78F4-4B66-9533-2D67F4A30CC3}.Debug|Any CPU.ActiveCfg = Debug|Any CPU
		{F6ED1E25-78F4-4B66-9533-2D67F4A30CC3}.Debug|Any CPU.Build.0 = Debug|Any CPU
		{F6ED1E25-78F4-4B66-9533-2D67F4A30CC3}.Debug|x64.ActiveCfg = Debug|Any CPU
		{F6ED1E25-78F4-4B66-9533-2D67F4A30CC3}.Debug|x64.Build.0 = Debug|Any CPU
		{F6ED1E25-78F4-4B66-9533-2D67F4A30CC3}.Debug|x86.ActiveCfg = Debug|Any CPU
		{F6ED1E25-78F4-4B66-9533-2D67F4A30CC3}.Debug|x86.Build.0 = Debug|Any CPU
		{F6ED1E25-78F4-4B66-9533-2D67F4A30CC3}.Release|Any CPU.ActiveCfg = Release|Any CPU
		{F6ED1E25-78F4-4B66-9533-2D67F4A30CC3}.Release|Any CPU.Build.0 = Release|Any CPU
		{F6ED1E25-78F4-4B66-9533-2D67F4A30CC3}.Release|x64.ActiveCfg = Release|Any CPU
		{F6ED1E25-78F4-4B66-9533-2D67F4A30CC3}.Release|x64.Build.0 = Release|Any CPU
		{F6ED1E25-78F4-4B66-9533-2D67F4A30CC3}.Release|x86.ActiveCfg = Release|Any CPU
		{F6ED1E25-78F4-4B66-9533-2D67F4A30CC3}.Release|x86.Build.0 = Release|Any CPU
		{E7F4A7EA-4447-4AD3-9980-DA6F1E0A5FDF}.Debug|Any CPU.ActiveCfg = Debug|Any CPU
		{E7F4A7EA-4447-4AD3-9980-DA6F1E0A5FDF}.Debug|Any CPU.Build.0 = Debug|Any CPU
		{E7F4A7EA-4447-4AD3-9980-DA6F1E0A5FDF}.Debug|x64.ActiveCfg = Debug|Any CPU
		{E7F4A7EA-4447-4AD3-9980-DA6F1E0A5FDF}.Debug|x64.Build.0 = Debug|Any CPU
		{E7F4A7EA-4447-4AD3-9980-DA6F1E0A5FDF}.Debug|x86.ActiveCfg = Debug|Any CPU
		{E7F4A7EA-4447-4AD3-9980-DA6F1E0A5FDF}.Debug|x86.Build.0 = Debug|Any CPU
		{E7F4A7EA-4447-4AD3-9980-DA6F1E0A5FDF}.Release|Any CPU.ActiveCfg = Release|Any CPU
		{E7F4A7EA-4447-4AD3-9980-DA6F1E0A5FDF}.Release|Any CPU.Build.0 = Release|Any CPU
		{E7F4A7EA-4447-4AD3-9980-DA6F1E0A5FDF}.Release|x64.ActiveCfg = Release|Any CPU
		{E7F4A7EA-4447-4AD3-9980-DA6F1E0A5FDF}.Release|x64.Build.0 = Release|Any CPU
		{E7F4A7EA-4447-4AD3-9980-DA6F1E0A5FDF}.Release|x86.ActiveCfg = Release|Any CPU
		{E7F4A7EA-4447-4AD3-9980-DA6F1E0A5FDF}.Release|x86.Build.0 = Release|Any CPU
		{8BB82023-8F9B-4E97-9184-9035DEB03E65}.Debug|Any CPU.ActiveCfg = Debug|Any CPU
		{8BB82023-8F9B-4E97-9184-9035DEB03E65}.Debug|Any CPU.Build.0 = Debug|Any CPU
		{8BB82023-8F9B-4E97-9184-9035DEB03E65}.Debug|x64.ActiveCfg = Debug|Any CPU
		{8BB82023-8F9B-4E97-9184-9035DEB03E65}.Debug|x64.Build.0 = Debug|Any CPU
		{8BB82023-8F9B-4E97-9184-9035DEB03E65}.Debug|x86.ActiveCfg = Debug|Any CPU
		{8BB82023-8F9B-4E97-9184-9035DEB03E65}.Debug|x86.Build.0 = Debug|Any CPU
		{8BB82023-8F9B-4E97-9184-9035DEB03E65}.Release|Any CPU.ActiveCfg = Release|Any CPU
		{8BB82023-8F9B-4E97-9184-9035DEB03E65}.Release|Any CPU.Build.0 = Release|Any CPU
		{8BB82023-8F9B-4E97-9184-9035DEB03E65}.Release|x64.ActiveCfg = Release|Any CPU
		{8BB82023-8F9B-4E97-9184-9035DEB03E65}.Release|x64.Build.0 = Release|Any CPU
		{8BB82023-8F9B-4E97-9184-9035DEB03E65}.Release|x86.ActiveCfg = Release|Any CPU
		{8BB82023-8F9B-4E97-9184-9035DEB03E65}.Release|x86.Build.0 = Release|Any CPU
	EndGlobalSection
	GlobalSection(SolutionProperties) = preSolution
		HideSolutionNode = FALSE
	EndGlobalSection
	GlobalSection(NestedProjects) = preSolution
		{9021DB75-E9E6-446E-B5B6-FE08D2C5EA01} = {73DCA48C-E315-481D-A504-10132BB7CD9F}
		{56D1CAF8-9B8F-4076-B3CF-812C4655C58C} = {73DCA48C-E315-481D-A504-10132BB7CD9F}
		{F52BE2DD-5D46-46E8-8D4E-833184F9D099} = {52EB6269-585A-45F8-8F17-AB86E1D94F4C}
		{903A31A5-AB89-4EA3-94E9-C0EB7E83F8C6} = {19FC92EF-9BE9-4A5D-8BB1-E474F564B5A4}
		{F6ED1E25-78F4-4B66-9533-2D67F4A30CC3} = {73DCA48C-E315-481D-A504-10132BB7CD9F}
		{E7F4A7EA-4447-4AD3-9980-DA6F1E0A5FDF} = {73DCA48C-E315-481D-A504-10132BB7CD9F}
		{8BB82023-8F9B-4E97-9184-9035DEB03E65} = {52EB6269-585A-45F8-8F17-AB86E1D94F4C}
	EndGlobalSection
	GlobalSection(ExtensibilityGlobals) = postSolution
		SolutionGuid = {FA8FA713-A979-4DE2-94E1-7D4DBE4D04A8}
	EndGlobalSection
EndGlobal
